// !$*UTF8*$!
{
	archiveVersion = 1;
	classes = {
	};
	objectVersion = 46;
	objects = {

/* Begin PBXBuildFile section */
		802E9BB4170A84EF00143902 /* CategoryTypeStore.m in Sources */ = {isa = PBXBuildFile; fileRef = 802E9BB3170A84EF00143902 /* CategoryTypeStore.m */; };
		802E9BB8170A852900143902 /* ManifestStore.m in Sources */ = {isa = PBXBuildFile; fileRef = 802E9BB7170A852900143902 /* ManifestStore.m */; };
		802E9BBB170A853900143902 /* ManifestAlbumStore.m in Sources */ = {isa = PBXBuildFile; fileRef = 802E9BBA170A853900143902 /* ManifestAlbumStore.m */; };
		802E9BBE170A85C900143902 /* UserStore.m in Sources */ = {isa = PBXBuildFile; fileRef = 802E9BBD170A85C900143902 /* UserStore.m */; };
		808223881706CBAF00AC4958 /* UIKit.framework in Frameworks */ = {isa = PBXBuildFile; fileRef = 808223871706CBAF00AC4958 /* UIKit.framework */; };
		8082238A1706CBAF00AC4958 /* Foundation.framework in Frameworks */ = {isa = PBXBuildFile; fileRef = 808223891706CBAF00AC4958 /* Foundation.framework */; };
		8082238C1706CBAF00AC4958 /* CoreGraphics.framework in Frameworks */ = {isa = PBXBuildFile; fileRef = 8082238B1706CBAF00AC4958 /* CoreGraphics.framework */; };
		808223921706CBAF00AC4958 /* InfoPlist.strings in Resources */ = {isa = PBXBuildFile; fileRef = 808223901706CBAF00AC4958 /* InfoPlist.strings */; };
		808223941706CBAF00AC4958 /* main.m in Sources */ = {isa = PBXBuildFile; fileRef = 808223931706CBAF00AC4958 /* main.m */; };
		808223981706CBAF00AC4958 /* AppDelegate.m in Sources */ = {isa = PBXBuildFile; fileRef = 808223971706CBAF00AC4958 /* AppDelegate.m */; };
		8082239A1706CBAF00AC4958 /* Default.png in Resources */ = {isa = PBXBuildFile; fileRef = 808223991706CBAF00AC4958 /* Default.png */; };
		8082239C1706CBAF00AC4958 /* Default@2x.png in Resources */ = {isa = PBXBuildFile; fileRef = 8082239B1706CBAF00AC4958 /* Default@2x.png */; };
		8082239E1706CBAF00AC4958 /* Default-568h@2x.png in Resources */ = {isa = PBXBuildFile; fileRef = 8082239D1706CBAF00AC4958 /* Default-568h@2x.png */; };
		808223A11706CBAF00AC4958 /* MainStoryboard.storyboard in Resources */ = {isa = PBXBuildFile; fileRef = 8082239F1706CBAF00AC4958 /* MainStoryboard.storyboard */; };
		808223A41706CBAF00AC4958 /* FirstViewController.m in Sources */ = {isa = PBXBuildFile; fileRef = 808223A31706CBAF00AC4958 /* FirstViewController.m */; };
		808223A61706CBB000AC4958 /* first.png in Resources */ = {isa = PBXBuildFile; fileRef = 808223A51706CBAF00AC4958 /* first.png */; };
		808223A81706CBB000AC4958 /* first@2x.png in Resources */ = {isa = PBXBuildFile; fileRef = 808223A71706CBB000AC4958 /* first@2x.png */; };
		808223AB1706CBB000AC4958 /* SecondViewController.m in Sources */ = {isa = PBXBuildFile; fileRef = 808223AA1706CBB000AC4958 /* SecondViewController.m */; };
		808223AD1706CBB000AC4958 /* second.png in Resources */ = {isa = PBXBuildFile; fileRef = 808223AC1706CBB000AC4958 /* second.png */; };
		808223AF1706CBB000AC4958 /* second@2x.png in Resources */ = {isa = PBXBuildFile; fileRef = 808223AE1706CBB000AC4958 /* second@2x.png */; };
		808223C91706DD9C00AC4958 /* CoreData.framework in Frameworks */ = {isa = PBXBuildFile; fileRef = 808223C81706DD9C00AC4958 /* CoreData.framework */; };
		808223CE1706DE2500AC4958 /* RuckusDataModel.xcdatamodeld in Sources */ = {isa = PBXBuildFile; fileRef = 808223CC1706DE2500AC4958 /* RuckusDataModel.xcdatamodeld */; };
		808223D41706E49100AC4958 /* Category.m in Sources */ = {isa = PBXBuildFile; fileRef = 808223D31706E49100AC4958 /* Category.m */; };
		808223D71706E4BC00AC4958 /* CategoryType.m in Sources */ = {isa = PBXBuildFile; fileRef = 808223D61706E4BC00AC4958 /* CategoryType.m */; };
		808223DA1706E4D300AC4958 /* Manifest.m in Sources */ = {isa = PBXBuildFile; fileRef = 808223D91706E4D300AC4958 /* Manifest.m */; };
		808223DD1706E4FA00AC4958 /* ManifestAlbum.m in Sources */ = {isa = PBXBuildFile; fileRef = 808223DC1706E4F900AC4958 /* ManifestAlbum.m */; };
		808223E01706E50600AC4958 /* User.m in Sources */ = {isa = PBXBuildFile; fileRef = 808223DF1706E50600AC4958 /* User.m */; };
		A315ABF41707C95F00B92A55 /* RuckusStore.m in Sources */ = {isa = PBXBuildFile; fileRef = A315ABF31707C95F00B92A55 /* RuckusStore.m */; };
		A315ABFA1707F8B400B92A55 /* CategoryStore.m in Sources */ = {isa = PBXBuildFile; fileRef = A315ABF91707F8B400B92A55 /* CategoryStore.m */; };
		A35E547B1706F36500E6EAA7 /* ThirdViewController.m in Sources */ = {isa = PBXBuildFile; fileRef = A35E547A1706F36500E6EAA7 /* ThirdViewController.m */; };
/* End PBXBuildFile section */

/* Begin PBXFileReference section */
		802E9BB2170A84EF00143902 /* CategoryTypeStore.h */ = {isa = PBXFileReference; fileEncoding = 4; lastKnownFileType = sourcecode.c.h; path = CategoryTypeStore.h; sourceTree = "<group>"; };
		802E9BB3170A84EF00143902 /* CategoryTypeStore.m */ = {isa = PBXFileReference; fileEncoding = 4; lastKnownFileType = sourcecode.c.objc; path = CategoryTypeStore.m; sourceTree = "<group>"; };
		802E9BB6170A852900143902 /* ManifestStore.h */ = {isa = PBXFileReference; fileEncoding = 4; lastKnownFileType = sourcecode.c.h; path = ManifestStore.h; sourceTree = "<group>"; };
		802E9BB7170A852900143902 /* ManifestStore.m */ = {isa = PBXFileReference; fileEncoding = 4; lastKnownFileType = sourcecode.c.objc; path = ManifestStore.m; sourceTree = "<group>"; };
		802E9BB9170A853900143902 /* ManifestAlbumStore.h */ = {isa = PBXFileReference; fileEncoding = 4; lastKnownFileType = sourcecode.c.h; path = ManifestAlbumStore.h; sourceTree = "<group>"; };
		802E9BBA170A853900143902 /* ManifestAlbumStore.m */ = {isa = PBXFileReference; fileEncoding = 4; lastKnownFileType = sourcecode.c.objc; path = ManifestAlbumStore.m; sourceTree = "<group>"; };
		802E9BBC170A85C900143902 /* UserStore.h */ = {isa = PBXFileReference; fileEncoding = 4; lastKnownFileType = sourcecode.c.h; path = UserStore.h; sourceTree = "<group>"; };
		802E9BBD170A85C900143902 /* UserStore.m */ = {isa = PBXFileReference; fileEncoding = 4; lastKnownFileType = sourcecode.c.objc; path = UserStore.m; sourceTree = "<group>"; };
		808223831706CBAF00AC4958 /* TheRuckus.app */ = {isa = PBXFileReference; explicitFileType = wrapper.application; includeInIndex = 0; path = TheRuckus.app; sourceTree = BUILT_PRODUCTS_DIR; };
		808223871706CBAF00AC4958 /* UIKit.framework */ = {isa = PBXFileReference; lastKnownFileType = wrapper.framework; name = UIKit.framework; path = System/Library/Frameworks/UIKit.framework; sourceTree = SDKROOT; };
		808223891706CBAF00AC4958 /* Foundation.framework */ = {isa = PBXFileReference; lastKnownFileType = wrapper.framework; name = Foundation.framework; path = System/Library/Frameworks/Foundation.framework; sourceTree = SDKROOT; };
		8082238B1706CBAF00AC4958 /* CoreGraphics.framework */ = {isa = PBXFileReference; lastKnownFileType = wrapper.framework; name = CoreGraphics.framework; path = System/Library/Frameworks/CoreGraphics.framework; sourceTree = SDKROOT; };
		8082238F1706CBAF00AC4958 /* TheRuckus-Info.plist */ = {isa = PBXFileReference; lastKnownFileType = text.plist.xml; path = "TheRuckus-Info.plist"; sourceTree = "<group>"; };
		808223911706CBAF00AC4958 /* en */ = {isa = PBXFileReference; lastKnownFileType = text.plist.strings; name = en; path = en.lproj/InfoPlist.strings; sourceTree = "<group>"; };
		808223931706CBAF00AC4958 /* main.m */ = {isa = PBXFileReference; lastKnownFileType = sourcecode.c.objc; path = main.m; sourceTree = "<group>"; };
		808223951706CBAF00AC4958 /* TheRuckus-Prefix.pch */ = {isa = PBXFileReference; lastKnownFileType = sourcecode.c.h; path = "TheRuckus-Prefix.pch"; sourceTree = "<group>"; };
		808223961706CBAF00AC4958 /* AppDelegate.h */ = {isa = PBXFileReference; lastKnownFileType = sourcecode.c.h; path = AppDelegate.h; sourceTree = "<group>"; };
		808223971706CBAF00AC4958 /* AppDelegate.m */ = {isa = PBXFileReference; lastKnownFileType = sourcecode.c.objc; path = AppDelegate.m; sourceTree = "<group>"; };
		808223991706CBAF00AC4958 /* Default.png */ = {isa = PBXFileReference; lastKnownFileType = image.png; path = Default.png; sourceTree = "<group>"; };
		8082239B1706CBAF00AC4958 /* Default@2x.png */ = {isa = PBXFileReference; lastKnownFileType = image.png; path = "Default@2x.png"; sourceTree = "<group>"; };
		8082239D1706CBAF00AC4958 /* Default-568h@2x.png */ = {isa = PBXFileReference; lastKnownFileType = image.png; path = "Default-568h@2x.png"; sourceTree = "<group>"; };
		808223A01706CBAF00AC4958 /* en */ = {isa = PBXFileReference; lastKnownFileType = file.storyboard; name = en; path = en.lproj/MainStoryboard.storyboard; sourceTree = "<group>"; };
		808223A21706CBAF00AC4958 /* FirstViewController.h */ = {isa = PBXFileReference; lastKnownFileType = sourcecode.c.h; path = FirstViewController.h; sourceTree = "<group>"; };
		808223A31706CBAF00AC4958 /* FirstViewController.m */ = {isa = PBXFileReference; lastKnownFileType = sourcecode.c.objc; path = FirstViewController.m; sourceTree = "<group>"; };
		808223A51706CBAF00AC4958 /* first.png */ = {isa = PBXFileReference; lastKnownFileType = image.png; path = first.png; sourceTree = "<group>"; };
		808223A71706CBB000AC4958 /* first@2x.png */ = {isa = PBXFileReference; lastKnownFileType = image.png; path = "first@2x.png"; sourceTree = "<group>"; };
		808223A91706CBB000AC4958 /* SecondViewController.h */ = {isa = PBXFileReference; lastKnownFileType = sourcecode.c.h; path = SecondViewController.h; sourceTree = "<group>"; };
		808223AA1706CBB000AC4958 /* SecondViewController.m */ = {isa = PBXFileReference; lastKnownFileType = sourcecode.c.objc; path = SecondViewController.m; sourceTree = "<group>"; };
		808223AC1706CBB000AC4958 /* second.png */ = {isa = PBXFileReference; lastKnownFileType = image.png; path = second.png; sourceTree = "<group>"; };
		808223AE1706CBB000AC4958 /* second@2x.png */ = {isa = PBXFileReference; lastKnownFileType = image.png; path = "second@2x.png"; sourceTree = "<group>"; };
		808223C81706DD9C00AC4958 /* CoreData.framework */ = {isa = PBXFileReference; lastKnownFileType = wrapper.framework; name = CoreData.framework; path = System/Library/Frameworks/CoreData.framework; sourceTree = SDKROOT; };
		808223CD1706DE2500AC4958 /* RuckusDataModel.xcdatamodel */ = {isa = PBXFileReference; lastKnownFileType = wrapper.xcdatamodel; path = RuckusDataModel.xcdatamodel; sourceTree = "<group>"; };
		808223D21706E49100AC4958 /* Category.h */ = {isa = PBXFileReference; fileEncoding = 4; lastKnownFileType = sourcecode.c.h; path = Category.h; sourceTree = "<group>"; };
		808223D31706E49100AC4958 /* Category.m */ = {isa = PBXFileReference; fileEncoding = 4; lastKnownFileType = sourcecode.c.objc; path = Category.m; sourceTree = "<group>"; };
		808223D51706E4BC00AC4958 /* CategoryType.h */ = {isa = PBXFileReference; fileEncoding = 4; lastKnownFileType = sourcecode.c.h; path = CategoryType.h; sourceTree = "<group>"; };
		808223D61706E4BC00AC4958 /* CategoryType.m */ = {isa = PBXFileReference; fileEncoding = 4; lastKnownFileType = sourcecode.c.objc; path = CategoryType.m; sourceTree = "<group>"; };
		808223D81706E4D300AC4958 /* Manifest.h */ = {isa = PBXFileReference; fileEncoding = 4; lastKnownFileType = sourcecode.c.h; path = Manifest.h; sourceTree = "<group>"; };
		808223D91706E4D300AC4958 /* Manifest.m */ = {isa = PBXFileReference; fileEncoding = 4; lastKnownFileType = sourcecode.c.objc; path = Manifest.m; sourceTree = "<group>"; };
		808223DB1706E4F900AC4958 /* ManifestAlbum.h */ = {isa = PBXFileReference; fileEncoding = 4; lastKnownFileType = sourcecode.c.h; path = ManifestAlbum.h; sourceTree = "<group>"; };
		808223DC1706E4F900AC4958 /* ManifestAlbum.m */ = {isa = PBXFileReference; fileEncoding = 4; lastKnownFileType = sourcecode.c.objc; path = ManifestAlbum.m; sourceTree = "<group>"; };
		808223DE1706E50600AC4958 /* User.h */ = {isa = PBXFileReference; fileEncoding = 4; lastKnownFileType = sourcecode.c.h; path = User.h; sourceTree = "<group>"; };
		808223DF1706E50600AC4958 /* User.m */ = {isa = PBXFileReference; fileEncoding = 4; lastKnownFileType = sourcecode.c.objc; path = User.m; sourceTree = "<group>"; };
		A315ABF21707C95F00B92A55 /* RuckusStore.h */ = {isa = PBXFileReference; fileEncoding = 4; lastKnownFileType = sourcecode.c.h; path = RuckusStore.h; sourceTree = "<group>"; };
		A315ABF31707C95F00B92A55 /* RuckusStore.m */ = {isa = PBXFileReference; fileEncoding = 4; lastKnownFileType = sourcecode.c.objc; path = RuckusStore.m; sourceTree = "<group>"; };
		A315ABF81707F8B400B92A55 /* CategoryStore.h */ = {isa = PBXFileReference; fileEncoding = 4; lastKnownFileType = sourcecode.c.h; path = CategoryStore.h; sourceTree = "<group>"; };
		A315ABF91707F8B400B92A55 /* CategoryStore.m */ = {isa = PBXFileReference; fileEncoding = 4; lastKnownFileType = sourcecode.c.objc; path = CategoryStore.m; sourceTree = "<group>"; };
		A35E54791706F36500E6EAA7 /* ThirdViewController.h */ = {isa = PBXFileReference; fileEncoding = 4; lastKnownFileType = sourcecode.c.h; path = ThirdViewController.h; sourceTree = "<group>"; };
		A35E547A1706F36500E6EAA7 /* ThirdViewController.m */ = {isa = PBXFileReference; fileEncoding = 4; lastKnownFileType = sourcecode.c.objc; path = ThirdViewController.m; sourceTree = "<group>"; };
/* End PBXFileReference section */

/* Begin PBXFrameworksBuildPhase section */
		808223801706CBAF00AC4958 /* Frameworks */ = {
			isa = PBXFrameworksBuildPhase;
			buildActionMask = 2147483647;
			files = (
				808223C91706DD9C00AC4958 /* CoreData.framework in Frameworks */,
				808223881706CBAF00AC4958 /* UIKit.framework in Frameworks */,
				8082238A1706CBAF00AC4958 /* Foundation.framework in Frameworks */,
				8082238C1706CBAF00AC4958 /* CoreGraphics.framework in Frameworks */,
			);
			runOnlyForDeploymentPostprocessing = 0;
		};
/* End PBXFrameworksBuildPhase section */

/* Begin PBXGroup section */
		808223781706CBAF00AC4958 = {
			isa = PBXGroup;
			children = (
				8082238D1706CBAF00AC4958 /* TheRuckus */,
				808223861706CBAF00AC4958 /* Frameworks */,
				808223841706CBAF00AC4958 /* Products */,
			);
			sourceTree = "<group>";
		};
		808223841706CBAF00AC4958 /* Products */ = {
			isa = PBXGroup;
			children = (
				808223831706CBAF00AC4958 /* TheRuckus.app */,
			);
			name = Products;
			sourceTree = "<group>";
		};
		808223861706CBAF00AC4958 /* Frameworks */ = {
			isa = PBXGroup;
			children = (
				808223C81706DD9C00AC4958 /* CoreData.framework */,
				808223871706CBAF00AC4958 /* UIKit.framework */,
				808223891706CBAF00AC4958 /* Foundation.framework */,
				8082238B1706CBAF00AC4958 /* CoreGraphics.framework */,
			);
			name = Frameworks;
			sourceTree = "<group>";
		};
		8082238D1706CBAF00AC4958 /* TheRuckus */ = {
			isa = PBXGroup;
			children = (
				808223E11706E70900AC4958 /* Controller */,
				808223CB1706DDCB00AC4958 /* Model */,
				8082238E1706CBAF00AC4958 /* Supporting Files */,
				808223961706CBAF00AC4958 /* AppDelegate.h */,
				808223971706CBAF00AC4958 /* AppDelegate.m */,
				8082239F1706CBAF00AC4958 /* MainStoryboard.storyboard */,
			);
			path = TheRuckus;
			sourceTree = "<group>";
		};
		8082238E1706CBAF00AC4958 /* Supporting Files */ = {
			isa = PBXGroup;
			children = (
				8082238F1706CBAF00AC4958 /* TheRuckus-Info.plist */,
				808223901706CBAF00AC4958 /* InfoPlist.strings */,
				808223931706CBAF00AC4958 /* main.m */,
				808223951706CBAF00AC4958 /* TheRuckus-Prefix.pch */,
				808223991706CBAF00AC4958 /* Default.png */,
				8082239B1706CBAF00AC4958 /* Default@2x.png */,
				8082239D1706CBAF00AC4958 /* Default-568h@2x.png */,
			);
			name = "Supporting Files";
			sourceTree = "<group>";
		};
		808223CB1706DDCB00AC4958 /* Model */ = {
			isa = PBXGroup;
			children = (
				A315ABF71707F88100B92A55 /* Entities */,
				A315ABF61707F86200B92A55 /* Stores */,
				808223CC1706DE2500AC4958 /* RuckusDataModel.xcdatamodeld */,
			);
			name = Model;
			sourceTree = "<group>";
		};
		808223E11706E70900AC4958 /* Controller */ = {
			isa = PBXGroup;
			children = (
				808223A21706CBAF00AC4958 /* FirstViewController.h */,
				808223A31706CBAF00AC4958 /* FirstViewController.m */,
				808223A51706CBAF00AC4958 /* first.png */,
				808223A71706CBB000AC4958 /* first@2x.png */,
				808223A91706CBB000AC4958 /* SecondViewController.h */,
				808223AA1706CBB000AC4958 /* SecondViewController.m */,
				808223AC1706CBB000AC4958 /* second.png */,
				808223AE1706CBB000AC4958 /* second@2x.png */,
				A35E54791706F36500E6EAA7 /* ThirdViewController.h */,
				A35E547A1706F36500E6EAA7 /* ThirdViewController.m */,
			);
			name = Controller;
			sourceTree = "<group>";
		};
		A315ABF61707F86200B92A55 /* Stores */ = {
			isa = PBXGroup;
			children = (
				A315ABF21707C95F00B92A55 /* RuckusStore.h */,
				A315ABF31707C95F00B92A55 /* RuckusStore.m */,
				802E9BB6170A852900143902 /* ManifestStore.h */,
				802E9BB7170A852900143902 /* ManifestStore.m */,
				802E9BB9170A853900143902 /* ManifestAlbumStore.h */,
				802E9BBA170A853900143902 /* ManifestAlbumStore.m */,
				A315ABF81707F8B400B92A55 /* CategoryStore.h */,
				A315ABF91707F8B400B92A55 /* CategoryStore.m */,
				802E9BB2170A84EF00143902 /* CategoryTypeStore.h */,
				802E9BB3170A84EF00143902 /* CategoryTypeStore.m */,
				802E9BBC170A85C900143902 /* UserStore.h */,
				802E9BBD170A85C900143902 /* UserStore.m */,
			);
			name = Stores;
			sourceTree = "<group>";
		};
		A315ABF71707F88100B92A55 /* Entities */ = {
			isa = PBXGroup;
			children = (
				808223DE1706E50600AC4958 /* User.h */,
				808223DF1706E50600AC4958 /* User.m */,
				808223DB1706E4F900AC4958 /* ManifestAlbum.h */,
				808223DC1706E4F900AC4958 /* ManifestAlbum.m */,
				808223D81706E4D300AC4958 /* Manifest.h */,
				808223D91706E4D300AC4958 /* Manifest.m */,
				808223D51706E4BC00AC4958 /* CategoryType.h */,
				808223D61706E4BC00AC4958 /* CategoryType.m */,
				808223D21706E49100AC4958 /* Category.h */,
				808223D31706E49100AC4958 /* Category.m */,
			);
			name = Entities;
			sourceTree = "<group>";
		};
/* End PBXGroup section */

/* Begin PBXNativeTarget section */
		808223821706CBAF00AC4958 /* TheRuckus */ = {
			isa = PBXNativeTarget;
			buildConfigurationList = 808223B21706CBB000AC4958 /* Build configuration list for PBXNativeTarget "TheRuckus" */;
			buildPhases = (
				8082237F1706CBAF00AC4958 /* Sources */,
				808223801706CBAF00AC4958 /* Frameworks */,
				808223811706CBAF00AC4958 /* Resources */,
			);
			buildRules = (
			);
			dependencies = (
			);
			name = TheRuckus;
			productName = TheRuckus;
			productReference = 808223831706CBAF00AC4958 /* TheRuckus.app */;
			productType = "com.apple.product-type.application";
		};
/* End PBXNativeTarget section */

/* Begin PBXProject section */
		8082237A1706CBAF00AC4958 /* Project object */ = {
			isa = PBXProject;
			attributes = {
				LastUpgradeCheck = 0450;
			};
			buildConfigurationList = 8082237D1706CBAF00AC4958 /* Build configuration list for PBXProject "TheRuckus" */;
			compatibilityVersion = "Xcode 3.2";
			developmentRegion = English;
			hasScannedForEncodings = 0;
			knownRegions = (
				en,
			);
			mainGroup = 808223781706CBAF00AC4958;
			productRefGroup = 808223841706CBAF00AC4958 /* Products */;
			projectDirPath = "";
			projectRoot = "";
			targets = (
				808223821706CBAF00AC4958 /* TheRuckus */,
			);
		};
/* End PBXProject section */

/* Begin PBXResourcesBuildPhase section */
		808223811706CBAF00AC4958 /* Resources */ = {
			isa = PBXResourcesBuildPhase;
			buildActionMask = 2147483647;
			files = (
				808223921706CBAF00AC4958 /* InfoPlist.strings in Resources */,
				8082239A1706CBAF00AC4958 /* Default.png in Resources */,
				8082239C1706CBAF00AC4958 /* Default@2x.png in Resources */,
				8082239E1706CBAF00AC4958 /* Default-568h@2x.png in Resources */,
				808223A11706CBAF00AC4958 /* MainStoryboard.storyboard in Resources */,
				808223A61706CBB000AC4958 /* first.png in Resources */,
				808223A81706CBB000AC4958 /* first@2x.png in Resources */,
				808223AD1706CBB000AC4958 /* second.png in Resources */,
				808223AF1706CBB000AC4958 /* second@2x.png in Resources */,
			);
			runOnlyForDeploymentPostprocessing = 0;
		};
/* End PBXResourcesBuildPhase section */

/* Begin PBXSourcesBuildPhase section */
		8082237F1706CBAF00AC4958 /* Sources */ = {
			isa = PBXSourcesBuildPhase;
			buildActionMask = 2147483647;
			files = (
				808223941706CBAF00AC4958 /* main.m in Sources */,
				808223981706CBAF00AC4958 /* AppDelegate.m in Sources */,
				808223A41706CBAF00AC4958 /* FirstViewController.m in Sources */,
				808223AB1706CBB000AC4958 /* SecondViewController.m in Sources */,
				808223CE1706DE2500AC4958 /* RuckusDataModel.xcdatamodeld in Sources */,
				808223D41706E49100AC4958 /* Category.m in Sources */,
				808223D71706E4BC00AC4958 /* CategoryType.m in Sources */,
				808223DA1706E4D300AC4958 /* Manifest.m in Sources */,
				808223DD1706E4FA00AC4958 /* ManifestAlbum.m in Sources */,
				808223E01706E50600AC4958 /* User.m in Sources */,
				A35E547B1706F36500E6EAA7 /* ThirdViewController.m in Sources */,
				A315ABF41707C95F00B92A55 /* RuckusStore.m in Sources */,
				A315ABFA1707F8B400B92A55 /* CategoryStore.m in Sources */,
				802E9BB4170A84EF00143902 /* CategoryTypeStore.m in Sources */,
				802E9BB8170A852900143902 /* ManifestStore.m in Sources */,
				802E9BBB170A853900143902 /* ManifestAlbumStore.m in Sources */,
				802E9BBE170A85C900143902 /* UserStore.m in Sources */,
			);
			runOnlyForDeploymentPostprocessing = 0;
		};
/* End PBXSourcesBuildPhase section */

/* Begin PBXVariantGroup section */
		808223901706CBAF00AC4958 /* InfoPlist.strings */ = {
			isa = PBXVariantGroup;
			children = (
				808223911706CBAF00AC4958 /* en */,
			);
			name = InfoPlist.strings;
			sourceTree = "<group>";
		};
		8082239F1706CBAF00AC4958 /* MainStoryboard.storyboard */ = {
			isa = PBXVariantGroup;
			children = (
				808223A01706CBAF00AC4958 /* en */,
			);
			name = MainStoryboard.storyboard;
			sourceTree = "<group>";
		};
/* End PBXVariantGroup section */

/* Begin XCBuildConfiguration section */
		808223B01706CBB000AC4958 /* Debug */ = {
			isa = XCBuildConfiguration;
			buildSettings = {
				ALWAYS_SEARCH_USER_PATHS = NO;
				CLANG_CXX_LANGUAGE_STANDARD = "gnu++0x";
				CLANG_CXX_LIBRARY = "libc++";
				CLANG_ENABLE_OBJC_ARC = YES;
				CLANG_WARN_EMPTY_BODY = YES;
				CLANG_WARN__DUPLICATE_METHOD_MATCH = YES;
				"CODE_SIGN_IDENTITY[sdk=iphoneos*]" = "iPhone Developer";
				COPY_PHASE_STRIP = NO;
				GCC_C_LANGUAGE_STANDARD = gnu99;
				GCC_DYNAMIC_NO_PIC = NO;
				GCC_OPTIMIZATION_LEVEL = 0;
				GCC_PREPROCESSOR_DEFINITIONS = (
					"DEBUG=1",
					"$(inherited)",
				);
				GCC_SYMBOLS_PRIVATE_EXTERN = NO;
				GCC_WARN_ABOUT_RETURN_TYPE = YES;
				GCC_WARN_UNINITIALIZED_AUTOS = YES;
				GCC_WARN_UNUSED_VARIABLE = YES;
				IPHONEOS_DEPLOYMENT_TARGET = 6.0;
				ONLY_ACTIVE_ARCH = YES;
				SDKROOT = iphoneos;
			};
			name = Debug;
		};
		808223B11706CBB000AC4958 /* Release */ = {
			isa = XCBuildConfiguration;
			buildSettings = {
				ALWAYS_SEARCH_USER_PATHS = NO;
				CLANG_CXX_LANGUAGE_STANDARD = "gnu++0x";
				CLANG_CXX_LIBRARY = "libc++";
				CLANG_ENABLE_OBJC_ARC = YES;
				CLANG_WARN_EMPTY_BODY = YES;
				CLANG_WARN__DUPLICATE_METHOD_MATCH = YES;
				"CODE_SIGN_IDENTITY[sdk=iphoneos*]" = "iPhone Developer";
				COPY_PHASE_STRIP = YES;
				GCC_C_LANGUAGE_STANDARD = gnu99;
				GCC_WARN_ABOUT_RETURN_TYPE = YES;
				GCC_WARN_UNINITIALIZED_AUTOS = YES;
				GCC_WARN_UNUSED_VARIABLE = YES;
				IPHONEOS_DEPLOYMENT_TARGET = 6.0;
				OTHER_CFLAGS = "-DNS_BLOCK_ASSERTIONS=1";
				SDKROOT = iphoneos;
				VALIDATE_PRODUCT = YES;
			};
			name = Release;
		};
		808223B31706CBB000AC4958 /* Debug */ = {
			isa = XCBuildConfiguration;
			buildSettings = {
				GCC_PRECOMPILE_PREFIX_HEADER = YES;
				GCC_PREFIX_HEADER = "TheRuckus/TheRuckus-Prefix.pch";
				INFOPLIST_FILE = "TheRuckus/TheRuckus-Info.plist";
				PRODUCT_NAME = "$(TARGET_NAME)";
				WRAPPER_EXTENSION = app;
			};
			name = Debug;
		};
		808223B41706CBB000AC4958 /* Release */ = {
			isa = XCBuildConfiguration;
			buildSettings = {
				GCC_PRECOMPILE_PREFIX_HEADER = YES;
				GCC_PREFIX_HEADER = "TheRuckus/TheRuckus-Prefix.pch";
				INFOPLIST_FILE = "TheRuckus/TheRuckus-Info.plist";
				PRODUCT_NAME = "$(TARGET_NAME)";
				WRAPPER_EXTENSION = app;
			};
			name = Release;
		};
/* End XCBuildConfiguration section */

/* Begin XCConfigurationList section */
		8082237D1706CBAF00AC4958 /* Build configuration list for PBXProject "TheRuckus" */ = {
			isa = XCConfigurationList;
			buildConfigurations = (
				808223B01706CBB000AC4958 /* Debug */,
				808223B11706CBB000AC4958 /* Release */,
			);
			defaultConfigurationIsVisible = 0;
			defaultConfigurationName = Release;
		};
		808223B21706CBB000AC4958 /* Build configuration list for PBXNativeTarget "TheRuckus" */ = {
			isa = XCConfigurationList;
			buildConfigurations = (
				808223B31706CBB000AC4958 /* Debug */,
				808223B41706CBB000AC4958 /* Release */,
			);
			defaultConfigurationIsVisible = 0;
			defaultConfigurationName = Release;
		};
/* End XCConfigurationList section */

/* Begin XCVersionGroup section */
		808223CC1706DE2500AC4958 /* RuckusDataModel.xcdatamodeld */ = {
			isa = XCVersionGroup;
			children = (
				808223CD1706DE2500AC4958 /* RuckusDataModel.xcdatamodel */,
			);
			currentVersion = 808223CD1706DE2500AC4958 /* RuckusDataModel.xcdatamodel */;
			path = RuckusDataModel.xcdatamodeld;
			sourceTree = "<group>";
			versionGroupType = wrapper.xcdatamodel;
		};
/* End XCVersionGroup section */
	};
	rootObject = 8082237A1706CBAF00AC4958 /* Project object */;
}
